
Microsoft Visual Studio Solution File, Format Version 12.00
# Visual Studio 15
VisualStudioVersion = 15.0.28307.421
MinimumVisualStudioVersion = 10.0.40219.1
Project("{FAE04EC0-301F-11D3-BF4B-00C04F79EFBC}") = "ClientServices", "ClientServices\ClientServices.csproj", "{D44AD17E-40B3-4E8A-B2BA-D69553CB9D2F}"
EndProject
Project("{FAE04EC0-301F-11D3-BF4B-00C04F79EFBC}") = "ManagementService", "AuthenticationService\ManagementService.csproj", "{7675A5D7-6563-4092-B5DF-8BA4766A07B8}"
EndProject
Project("{FAE04EC0-301F-11D3-BF4B-00C04F79EFBC}") = "PortalAdministrativo", "PortalAdministrativo\PortalAdministrativo.csproj", "{67299262-2B74-4038-978B-B66B228C8C6A}"
EndProject
Project("{2150E333-8FDC-42A3-9474-1A3956D46DE8}") = "webapp", "webapp", "{A2862D3E-D2EF-4DD5-A539-ACAC88ECFEAA}"
EndProject
Project("{2150E333-8FDC-42A3-9474-1A3956D46DE8}") = "services", "services", "{71F058A0-AC1B-4CEB-8E23-8AA43A8BF27C}"
EndProject
Project("{2150E333-8FDC-42A3-9474-1A3956D46DE8}") = "adapters", "adapters", "{926BCB84-5D4A-459B-999D-1A07098119D8}"
EndProject
Project("{FAE04EC0-301F-11D3-BF4B-00C04F79EFBC}") = "JsonAdapters", "JsonAdapters\JsonAdapters.csproj", "{99015B45-B644-41FF-8B23-929D08DF6872}"
EndProject
Project("{2150E333-8FDC-42A3-9474-1A3956D46DE8}") = "data", "data", "{C2B16BA7-5439-4E18-9C46-B7FABF989419}"
EndProject
Project("{FAE04EC0-301F-11D3-BF4B-00C04F79EFBC}") = "UtilitiesObjects", "UtilitiesObjects\UtilitiesObjects.csproj", "{75A90DE1-977B-4AC1-A569-1124C2E9886E}"
EndProject
Project("{2150E333-8FDC-42A3-9474-1A3956D46DE8}") = "integration", "integration", "{8AA74A9F-7435-4868-900A-4F3B7FCA0022}"
EndProject
Project("{FAE04EC0-301F-11D3-BF4B-00C04F79EFBC}") = "ServiceIntegration", "ServiceIntegration\ServiceIntegration.csproj", "{FD6EB5B2-8938-4CC9-B745-CE738AFAE56F}"
EndProject
Project("{FAE04EC0-301F-11D3-BF4B-00C04F79EFBC}") = "PortalClientes", "PortalClientes\PortalClientes.csproj", "{916AE2D5-97C6-4FCC-9ECC-F3956A8B7033}"
EndProject
Global
	GlobalSection(SolutionConfigurationPlatforms) = preSolution
		Debug|Any CPU = Debug|Any CPU
		Release|Any CPU = Release|Any CPU
	EndGlobalSection
	GlobalSection(ProjectConfigurationPlatforms) = postSolution
		{D44AD17E-40B3-4E8A-B2BA-D69553CB9D2F}.Debug|Any CPU.ActiveCfg = Debug|Any CPU
		{D44AD17E-40B3-4E8A-B2BA-D69553CB9D2F}.Debug|Any CPU.Build.0 = Debug|Any CPU
		{D44AD17E-40B3-4E8A-B2BA-D69553CB9D2F}.Release|Any CPU.ActiveCfg = Release|Any CPU
		{D44AD17E-40B3-4E8A-B2BA-D69553CB9D2F}.Release|Any CPU.Build.0 = Release|Any CPU
		{7675A5D7-6563-4092-B5DF-8BA4766A07B8}.Debug|Any CPU.ActiveCfg = Debug|Any CPU
		{7675A5D7-6563-4092-B5DF-8BA4766A07B8}.Debug|Any CPU.Build.0 = Debug|Any CPU
		{7675A5D7-6563-4092-B5DF-8BA4766A07B8}.Release|Any CPU.ActiveCfg = Release|Any CPU
		{7675A5D7-6563-4092-B5DF-8BA4766A07B8}.Release|Any CPU.Build.0 = Release|Any CPU
		{67299262-2B74-4038-978B-B66B228C8C6A}.Debug|Any CPU.ActiveCfg = Debug|Any CPU
		{67299262-2B74-4038-978B-B66B228C8C6A}.Debug|Any CPU.Build.0 = Debug|Any CPU
		{67299262-2B74-4038-978B-B66B228C8C6A}.Release|Any CPU.ActiveCfg = Release|Any CPU
		{67299262-2B74-4038-978B-B66B228C8C6A}.Release|Any CPU.Build.0 = Release|Any CPU
		{99015B45-B644-41FF-8B23-929D08DF6872}.Debug|Any CPU.ActiveCfg = Debug|Any CPU
		{99015B45-B644-41FF-8B23-929D08DF6872}.Debug|Any CPU.Build.0 = Debug|Any CPU
		{99015B45-B644-41FF-8B23-929D08DF6872}.Release|Any CPU.ActiveCfg = Release|Any CPU
		{99015B45-B644-41FF-8B23-929D08DF6872}.Release|Any CPU.Build.0 = Release|Any CPU
		{75A90DE1-977B-4AC1-A569-1124C2E9886E}.Debug|Any CPU.ActiveCfg = Debug|Any CPU
		{75A90DE1-977B-4AC1-A569-1124C2E9886E}.Debug|Any CPU.Build.0 = Debug|Any CPU
		{75A90DE1-977B-4AC1-A569-1124C2E9886E}.Release|Any CPU.ActiveCfg = Release|Any CPU
		{75A90DE1-977B-4AC1-A569-1124C2E9886E}.Release|Any CPU.Build.0 = Release|Any CPU
		{FD6EB5B2-8938-4CC9-B745-CE738AFAE56F}.Debug|Any CPU.ActiveCfg = Debug|Any CPU
		{FD6EB5B2-8938-4CC9-B745-CE738AFAE56F}.Debug|Any CPU.Build.0 = Debug|Any CPU
		{FD6EB5B2-8938-4CC9-B745-CE738AFAE56F}.Release|Any CPU.ActiveCfg = Release|Any CPU
		{FD6EB5B2-8938-4CC9-B745-CE738AFAE56F}.Release|Any CPU.Build.0 = Release|Any CPU
		{916AE2D5-97C6-4FCC-9ECC-F3956A8B7033}.Debug|Any CPU.ActiveCfg = Debug|Any CPU
		{916AE2D5-97C6-4FCC-9ECC-F3956A8B7033}.Debug|Any CPU.Build.0 = Debug|Any CPU
		{916AE2D5-97C6-4FCC-9ECC-F3956A8B7033}.Release|Any CPU.ActiveCfg = Release|Any CPU
		{916AE2D5-97C6-4FCC-9ECC-F3956A8B7033}.Release|Any CPU.Build.0 = Release|Any CPU
	EndGlobalSection
	GlobalSection(SolutionProperties) = preSolution
		HideSolutionNode = FALSE
	EndGlobalSection
	GlobalSection(NestedProjects) = preSolution
		{D44AD17E-40B3-4E8A-B2BA-D69553CB9D2F} = {71F058A0-AC1B-4CEB-8E23-8AA43A8BF27C}
		{7675A5D7-6563-4092-B5DF-8BA4766A07B8} = {71F058A0-AC1B-4CEB-8E23-8AA43A8BF27C}
		{67299262-2B74-4038-978B-B66B228C8C6A} = {A2862D3E-D2EF-4DD5-A539-ACAC88ECFEAA}
		{926BCB84-5D4A-459B-999D-1A07098119D8} = {A2862D3E-D2EF-4DD5-A539-ACAC88ECFEAA}
		{99015B45-B644-41FF-8B23-929D08DF6872} = {926BCB84-5D4A-459B-999D-1A07098119D8}
		{C2B16BA7-5439-4E18-9C46-B7FABF989419} = {A2862D3E-D2EF-4DD5-A539-ACAC88ECFEAA}
		{75A90DE1-977B-4AC1-A569-1124C2E9886E} = {C2B16BA7-5439-4E18-9C46-B7FABF989419}
		{8AA74A9F-7435-4868-900A-4F3B7FCA0022} = {A2862D3E-D2EF-4DD5-A539-ACAC88ECFEAA}
		{FD6EB5B2-8938-4CC9-B745-CE738AFAE56F} = {8AA74A9F-7435-4868-900A-4F3B7FCA0022}
		{916AE2D5-97C6-4FCC-9ECC-F3956A8B7033} = {A2862D3E-D2EF-4DD5-A539-ACAC88ECFEAA}
	EndGlobalSection
	GlobalSection(ExtensibilityGlobals) = postSolution
		SolutionGuid = {16C2F9A8-BF69-4B17-98AD-957681BC96C6}
	EndGlobalSection
EndGlobal
